
Microsoft Visual Studio Solution File, Format Version 12.00
# Visual Studio 14
VisualStudioVersion = 14.0.23107.0
MinimumVisualStudioVersion = 10.0.40219.1
Project("{FAE04EC0-301F-11D3-BF4B-00C04F79EFBC}") = "ServerAPI", "ServerAPI\ServerAPI.csproj", "{E22FDABA-5718-4264-ABF5-11580C537C07}"
EndProject
Project("{2150E333-8FDC-42A3-9474-1A3956D46DE8}") = "Solution Items", "Solution Items", "{253CB67C-31DC-4E73-A9F3-9292370DB0C0}"
	ProjectSection(SolutionItems) = preProject
		WE-Markdown.css = WE-Markdown.css
		WebEssentials2015-Settings.json = WebEssentials2015-Settings.json
	EndProjectSection
EndProject
Global
	GlobalSection(SolutionConfigurationPlatforms) = preSolution
		Debug|Any CPU = Debug|Any CPU
		Release|Any CPU = Release|Any CPU
	EndGlobalSection
	GlobalSection(ProjectConfigurationPlatforms) = postSolution
		{E22FDABA-5718-4264-ABF5-11580C537C07}.Debug|Any CPU.ActiveCfg = Debug|Any CPU
		{E22FDABA-5718-4264-ABF5-11580C537C07}.Debug|Any CPU.Build.0 = Debug|Any CPU
		{E22FDABA-5718-4264-ABF5-11580C537C07}.Release|Any CPU.ActiveCfg = Release|Any CPU
		{E22FDABA-5718-4264-ABF5-11580C537C07}.Release|Any CPU.Build.0 = Release|Any CPU
	EndGlobalSection
	GlobalSection(SolutionProperties) = preSolution
		HideSolutionNode = FALSE
	EndGlobalSection
EndGlobal
